// !$*UTF8*$!
{
	archiveVersion = 1;
	classes = {
	};
	objectVersion = 56;
	objects = {

/* Begin PBXBuildFile section */
		DB3F2C0C295A93060014217D /* YNLApp.swift in Sources */ = {isa = PBXBuildFile; fileRef = DB3F2C0B295A93060014217D /* YNLApp.swift */; };
		DB3F2C0E295A93060014217D /* ContentView.swift in Sources */ = {isa = PBXBuildFile; fileRef = DB3F2C0D295A93060014217D /* ContentView.swift */; };
		DB3F2C10295A93070014217D /* Assets.xcassets in Resources */ = {isa = PBXBuildFile; fileRef = DB3F2C0F295A93070014217D /* Assets.xcassets */; };
		DB3F2C13295A93070014217D /* Preview Assets.xcassets in Resources */ = {isa = PBXBuildFile; fileRef = DB3F2C12295A93070014217D /* Preview Assets.xcassets */; };
		DB3F2C15295A93070014217D /* Persistence.swift in Sources */ = {isa = PBXBuildFile; fileRef = DB3F2C14295A93070014217D /* Persistence.swift */; };
		DB3F2C18295A93070014217D /* YNL.xcdatamodeld in Sources */ = {isa = PBXBuildFile; fileRef = DB3F2C16295A93070014217D /* YNL.xcdatamodeld */; };
		DB3F2C22295A93070014217D /* YNLTests.swift in Sources */ = {isa = PBXBuildFile; fileRef = DB3F2C21295A93070014217D /* YNLTests.swift */; };
		DB3F2C2C295A93070014217D /* YNLUITests.swift in Sources */ = {isa = PBXBuildFile; fileRef = DB3F2C2B295A93070014217D /* YNLUITests.swift */; };
		DB3F2C2E295A93070014217D /* YNLUITestsLaunchTests.swift in Sources */ = {isa = PBXBuildFile; fileRef = DB3F2C2D295A93070014217D /* YNLUITestsLaunchTests.swift */; };
		DB3F2C3C295AC0B30014217D /* FeedView.swift in Sources */ = {isa = PBXBuildFile; fileRef = DB3F2C3B295AC0B30014217D /* FeedView.swift */; };
		DB3F2C3F295AC3E20014217D /* SearchView.swift in Sources */ = {isa = PBXBuildFile; fileRef = DB3F2C3E295AC3E20014217D /* SearchView.swift */; };
		DB3F2C41295AC4A70014217D /* InterestView.swift in Sources */ = {isa = PBXBuildFile; fileRef = DB3F2C40295AC4A70014217D /* InterestView.swift */; };
		DB3F2C43295AC4F70014217D /* MyInfoView.swift in Sources */ = {isa = PBXBuildFile; fileRef = DB3F2C42295AC4F70014217D /* MyInfoView.swift */; };
		DB3F2C45295AC5990014217D /* AddView.swift in Sources */ = {isa = PBXBuildFile; fileRef = DB3F2C44295AC5990014217D /* AddView.swift */; };
		DB3F2C47295AC93D0014217D /* OnBoardingView.swift in Sources */ = {isa = PBXBuildFile; fileRef = DB3F2C46295AC93D0014217D /* OnBoardingView.swift */; };
		DB3F2C4B295AFCA60014217D /* ProfilEditView.swift in Sources */ = {isa = PBXBuildFile; fileRef = DB3F2C4A295AFCA60014217D /* ProfilEditView.swift */; };
/* End PBXBuildFile section */

/* Begin PBXContainerItemProxy section */
		DB3F2C1E295A93070014217D /* PBXContainerItemProxy */ = {
			isa = PBXContainerItemProxy;
			containerPortal = DB3F2C00295A93060014217D /* Project object */;
			proxyType = 1;
			remoteGlobalIDString = DB3F2C07295A93060014217D;
			remoteInfo = YNL;
		};
		DB3F2C28295A93070014217D /* PBXContainerItemProxy */ = {
			isa = PBXContainerItemProxy;
			containerPortal = DB3F2C00295A93060014217D /* Project object */;
			proxyType = 1;
			remoteGlobalIDString = DB3F2C07295A93060014217D;
			remoteInfo = YNL;
		};
/* End PBXContainerItemProxy section */

/* Begin PBXFileReference section */
		DB3F2C08295A93060014217D /* YNL.app */ = {isa = PBXFileReference; explicitFileType = wrapper.application; includeInIndex = 0; path = YNL.app; sourceTree = BUILT_PRODUCTS_DIR; };
		DB3F2C0B295A93060014217D /* YNLApp.swift */ = {isa = PBXFileReference; lastKnownFileType = sourcecode.swift; path = YNLApp.swift; sourceTree = "<group>"; };
		DB3F2C0D295A93060014217D /* ContentView.swift */ = {isa = PBXFileReference; lastKnownFileType = sourcecode.swift; path = ContentView.swift; sourceTree = "<group>"; };
		DB3F2C0F295A93070014217D /* Assets.xcassets */ = {isa = PBXFileReference; lastKnownFileType = folder.assetcatalog; path = Assets.xcassets; sourceTree = "<group>"; };
		DB3F2C12295A93070014217D /* Preview Assets.xcassets */ = {isa = PBXFileReference; lastKnownFileType = folder.assetcatalog; path = "Preview Assets.xcassets"; sourceTree = "<group>"; };
		DB3F2C14295A93070014217D /* Persistence.swift */ = {isa = PBXFileReference; lastKnownFileType = sourcecode.swift; path = Persistence.swift; sourceTree = "<group>"; };
		DB3F2C17295A93070014217D /* YNL.xcdatamodel */ = {isa = PBXFileReference; lastKnownFileType = wrapper.xcdatamodel; path = YNL.xcdatamodel; sourceTree = "<group>"; };
		DB3F2C1D295A93070014217D /* YNLTests.xctest */ = {isa = PBXFileReference; explicitFileType = wrapper.cfbundle; includeInIndex = 0; path = YNLTests.xctest; sourceTree = BUILT_PRODUCTS_DIR; };
		DB3F2C21295A93070014217D /* YNLTests.swift */ = {isa = PBXFileReference; lastKnownFileType = sourcecode.swift; path = YNLTests.swift; sourceTree = "<group>"; };
		DB3F2C27295A93070014217D /* YNLUITests.xctest */ = {isa = PBXFileReference; explicitFileType = wrapper.cfbundle; includeInIndex = 0; path = YNLUITests.xctest; sourceTree = BUILT_PRODUCTS_DIR; };
		DB3F2C2B295A93070014217D /* YNLUITests.swift */ = {isa = PBXFileReference; lastKnownFileType = sourcecode.swift; path = YNLUITests.swift; sourceTree = "<group>"; };
		DB3F2C2D295A93070014217D /* YNLUITestsLaunchTests.swift */ = {isa = PBXFileReference; lastKnownFileType = sourcecode.swift; path = YNLUITestsLaunchTests.swift; sourceTree = "<group>"; };
		DB3F2C3B295AC0B30014217D /* FeedView.swift */ = {isa = PBXFileReference; lastKnownFileType = sourcecode.swift; path = FeedView.swift; sourceTree = "<group>"; };
		DB3F2C3E295AC3E20014217D /* SearchView.swift */ = {isa = PBXFileReference; lastKnownFileType = sourcecode.swift; path = SearchView.swift; sourceTree = "<group>"; };
		DB3F2C40295AC4A70014217D /* InterestView.swift */ = {isa = PBXFileReference; lastKnownFileType = sourcecode.swift; path = InterestView.swift; sourceTree = "<group>"; };
		DB3F2C42295AC4F70014217D /* MyInfoView.swift */ = {isa = PBXFileReference; lastKnownFileType = sourcecode.swift; path = MyInfoView.swift; sourceTree = "<group>"; };
		DB3F2C44295AC5990014217D /* AddView.swift */ = {isa = PBXFileReference; lastKnownFileType = sourcecode.swift; path = AddView.swift; sourceTree = "<group>"; };
		DB3F2C46295AC93D0014217D /* OnBoardingView.swift */ = {isa = PBXFileReference; lastKnownFileType = sourcecode.swift; path = OnBoardingView.swift; sourceTree = "<group>"; };
		DB3F2C4A295AFCA60014217D /* ProfilEditView.swift */ = {isa = PBXFileReference; lastKnownFileType = sourcecode.swift; path = ProfilEditView.swift; sourceTree = "<group>"; };
/* End PBXFileReference section */

/* Begin PBXFrameworksBuildPhase section */
		DB3F2C05295A93060014217D /* Frameworks */ = {
			isa = PBXFrameworksBuildPhase;
			buildActionMask = 2147483647;
			files = (
			);
			runOnlyForDeploymentPostprocessing = 0;
		};
		DB3F2C1A295A93070014217D /* Frameworks */ = {
			isa = PBXFrameworksBuildPhase;
			buildActionMask = 2147483647;
			files = (
			);
			runOnlyForDeploymentPostprocessing = 0;
		};
		DB3F2C24295A93070014217D /* Frameworks */ = {
			isa = PBXFrameworksBuildPhase;
			buildActionMask = 2147483647;
			files = (
			);
			runOnlyForDeploymentPostprocessing = 0;
		};
/* End PBXFrameworksBuildPhase section */

/* Begin PBXGroup section */
		DB3F2BFF295A93060014217D = {
			isa = PBXGroup;
			children = (
				DB3F2C0A295A93060014217D /* YNL */,
				DB3F2C20295A93070014217D /* YNLTests */,
				DB3F2C2A295A93070014217D /* YNLUITests */,
				DB3F2C09295A93060014217D /* Products */,
			);
			sourceTree = "<group>";
		};
		DB3F2C09295A93060014217D /* Products */ = {
			isa = PBXGroup;
			children = (
				DB3F2C08295A93060014217D /* YNL.app */,
				DB3F2C1D295A93070014217D /* YNLTests.xctest */,
				DB3F2C27295A93070014217D /* YNLUITests.xctest */,
			);
			name = Products;
			sourceTree = "<group>";
		};
		DB3F2C0A295A93060014217D /* YNL */ = {
			isa = PBXGroup;
			children = (
				DB3F2C0B295A93060014217D /* YNLApp.swift */,
				DB3F2C3A295A94F00014217D /* View */,
				DB3F2C0F295A93070014217D /* Assets.xcassets */,
				DB3F2C14295A93070014217D /* Persistence.swift */,
				DB3F2C16295A93070014217D /* YNL.xcdatamodeld */,
				DB3F2C11295A93070014217D /* Preview Content */,
			);
			path = YNL;
			sourceTree = "<group>";
		};
		DB3F2C11295A93070014217D /* Preview Content */ = {
			isa = PBXGroup;
			children = (
				DB3F2C12295A93070014217D /* Preview Assets.xcassets */,
			);
			path = "Preview Content";
			sourceTree = "<group>";
		};
		DB3F2C20295A93070014217D /* YNLTests */ = {
			isa = PBXGroup;
			children = (
				DB3F2C21295A93070014217D /* YNLTests.swift */,
			);
			path = YNLTests;
			sourceTree = "<group>";
		};
		DB3F2C2A295A93070014217D /* YNLUITests */ = {
			isa = PBXGroup;
			children = (
				DB3F2C2B295A93070014217D /* YNLUITests.swift */,
				DB3F2C2D295A93070014217D /* YNLUITestsLaunchTests.swift */,
			);
			path = YNLUITests;
			sourceTree = "<group>";
		};
		DB3F2C3A295A94F00014217D /* View */ = {
			isa = PBXGroup;
			children = (
				DB3F2C0D295A93060014217D /* ContentView.swift */,
				DB3F2C46295AC93D0014217D /* OnBoardingView.swift */,
				DB3F2C3B295AC0B30014217D /* FeedView.swift */,
				DB3F2C3E295AC3E20014217D /* SearchView.swift */,
				DB3F2C44295AC5990014217D /* AddView.swift */,
				DB3F2C40295AC4A70014217D /* InterestView.swift */,
				DB3F2C42295AC4F70014217D /* MyInfoView.swift */,
				DB3F2C4A295AFCA60014217D /* ProfilEditView.swift */,
			);
			path = View;
			sourceTree = "<group>";
		};
/* End PBXGroup section */

/* Begin PBXNativeTarget section */
		DB3F2C07295A93060014217D /* YNL */ = {
			isa = PBXNativeTarget;
			buildConfigurationList = DB3F2C31295A93070014217D /* Build configuration list for PBXNativeTarget "YNL" */;
			buildPhases = (
				DB3F2C04295A93060014217D /* Sources */,
				DB3F2C05295A93060014217D /* Frameworks */,
				DB3F2C06295A93060014217D /* Resources */,
			);
			buildRules = (
			);
			dependencies = (
			);
			name = YNL;
			productName = YNL;
			productReference = DB3F2C08295A93060014217D /* YNL.app */;
			productType = "com.apple.product-type.application";
		};
		DB3F2C1C295A93070014217D /* YNLTests */ = {
			isa = PBXNativeTarget;
			buildConfigurationList = DB3F2C34295A93070014217D /* Build configuration list for PBXNativeTarget "YNLTests" */;
			buildPhases = (
				DB3F2C19295A93070014217D /* Sources */,
				DB3F2C1A295A93070014217D /* Frameworks */,
				DB3F2C1B295A93070014217D /* Resources */,
			);
			buildRules = (
			);
			dependencies = (
				DB3F2C1F295A93070014217D /* PBXTargetDependency */,
			);
			name = YNLTests;
			productName = YNLTests;
			productReference = DB3F2C1D295A93070014217D /* YNLTests.xctest */;
			productType = "com.apple.product-type.bundle.unit-test";
		};
		DB3F2C26295A93070014217D /* YNLUITests */ = {
			isa = PBXNativeTarget;
			buildConfigurationList = DB3F2C37295A93070014217D /* Build configuration list for PBXNativeTarget "YNLUITests" */;
			buildPhases = (
				DB3F2C23295A93070014217D /* Sources */,
				DB3F2C24295A93070014217D /* Frameworks */,
				DB3F2C25295A93070014217D /* Resources */,
			);
			buildRules = (
			);
			dependencies = (
				DB3F2C29295A93070014217D /* PBXTargetDependency */,
			);
			name = YNLUITests;
			productName = YNLUITests;
			productReference = DB3F2C27295A93070014217D /* YNLUITests.xctest */;
			productType = "com.apple.product-type.bundle.ui-testing";
		};
/* End PBXNativeTarget section */

/* Begin PBXProject section */
		DB3F2C00295A93060014217D /* Project object */ = {
			isa = PBXProject;
			attributes = {
				BuildIndependentTargetsInParallel = 1;
				LastSwiftUpdateCheck = 1410;
				LastUpgradeCheck = 1410;
				TargetAttributes = {
					DB3F2C07295A93060014217D = {
						CreatedOnToolsVersion = 14.1;
					};
					DB3F2C1C295A93070014217D = {
						CreatedOnToolsVersion = 14.1;
						TestTargetID = DB3F2C07295A93060014217D;
					};
					DB3F2C26295A93070014217D = {
						CreatedOnToolsVersion = 14.1;
						TestTargetID = DB3F2C07295A93060014217D;
					};
				};
			};
			buildConfigurationList = DB3F2C03295A93060014217D /* Build configuration list for PBXProject "YNL" */;
			compatibilityVersion = "Xcode 14.0";
			developmentRegion = en;
			hasScannedForEncodings = 0;
			knownRegions = (
				en,
				Base,
			);
			mainGroup = DB3F2BFF295A93060014217D;
			productRefGroup = DB3F2C09295A93060014217D /* Products */;
			projectDirPath = "";
			projectRoot = "";
			targets = (
				DB3F2C07295A93060014217D /* YNL */,
				DB3F2C1C295A93070014217D /* YNLTests */,
				DB3F2C26295A93070014217D /* YNLUITests */,
			);
		};
/* End PBXProject section */

/* Begin PBXResourcesBuildPhase section */
		DB3F2C06295A93060014217D /* Resources */ = {
			isa = PBXResourcesBuildPhase;
			buildActionMask = 2147483647;
			files = (
				DB3F2C13295A93070014217D /* Preview Assets.xcassets in Resources */,
				DB3F2C10295A93070014217D /* Assets.xcassets in Resources */,
			);
			runOnlyForDeploymentPostprocessing = 0;
		};
		DB3F2C1B295A93070014217D /* Resources */ = {
			isa = PBXResourcesBuildPhase;
			buildActionMask = 2147483647;
			files = (
			);
			runOnlyForDeploymentPostprocessing = 0;
		};
		DB3F2C25295A93070014217D /* Resources */ = {
			isa = PBXResourcesBuildPhase;
			buildActionMask = 2147483647;
			files = (
			);
			runOnlyForDeploymentPostprocessing = 0;
		};
/* End PBXResourcesBuildPhase section */

/* Begin PBXSourcesBuildPhase section */
		DB3F2C04295A93060014217D /* Sources */ = {
			isa = PBXSourcesBuildPhase;
			buildActionMask = 2147483647;
			files = (
				DB3F2C43295AC4F70014217D /* MyInfoView.swift in Sources */,
				DB3F2C3C295AC0B30014217D /* FeedView.swift in Sources */,
				DB3F2C45295AC5990014217D /* AddView.swift in Sources */,
				DB3F2C47295AC93D0014217D /* OnBoardingView.swift in Sources */,
				DB3F2C41295AC4A70014217D /* InterestView.swift in Sources */,
				DB3F2C15295A93070014217D /* Persistence.swift in Sources */,
				DB3F2C4B295AFCA60014217D /* ProfilEditView.swift in Sources */,
				DB3F2C0E295A93060014217D /* ContentView.swift in Sources */,
				DB3F2C0C295A93060014217D /* YNLApp.swift in Sources */,
				DB3F2C3F295AC3E20014217D /* SearchView.swift in Sources */,
				DB3F2C18295A93070014217D /* YNL.xcdatamodeld in Sources */,
			);
			runOnlyForDeploymentPostprocessing = 0;
		};
		DB3F2C19295A93070014217D /* Sources */ = {
			isa = PBXSourcesBuildPhase;
			buildActionMask = 2147483647;
			files = (
				DB3F2C22295A93070014217D /* YNLTests.swift in Sources */,
			);
			runOnlyForDeploymentPostprocessing = 0;
		};
		DB3F2C23295A93070014217D /* Sources */ = {
			isa = PBXSourcesBuildPhase;
			buildActionMask = 2147483647;
			files = (
				DB3F2C2E295A93070014217D /* YNLUITestsLaunchTests.swift in Sources */,
				DB3F2C2C295A93070014217D /* YNLUITests.swift in Sources */,
			);
			runOnlyForDeploymentPostprocessing = 0;
		};
/* End PBXSourcesBuildPhase section */

/* Begin PBXTargetDependency section */
		DB3F2C1F295A93070014217D /* PBXTargetDependency */ = {
			isa = PBXTargetDependency;
			target = DB3F2C07295A93060014217D /* YNL */;
			targetProxy = DB3F2C1E295A93070014217D /* PBXContainerItemProxy */;
		};
		DB3F2C29295A93070014217D /* PBXTargetDependency */ = {
			isa = PBXTargetDependency;
			target = DB3F2C07295A93060014217D /* YNL */;
			targetProxy = DB3F2C28295A93070014217D /* PBXContainerItemProxy */;
		};
/* End PBXTargetDependency section */

/* Begin XCBuildConfiguration section */
		DB3F2C2F295A93070014217D /* Debug */ = {
			isa = XCBuildConfiguration;
			buildSettings = {
				ALWAYS_SEARCH_USER_PATHS = NO;
				CLANG_ANALYZER_NONNULL = YES;
				CLANG_ANALYZER_NUMBER_OBJECT_CONVERSION = YES_AGGRESSIVE;
				CLANG_CXX_LANGUAGE_STANDARD = "gnu++20";
				CLANG_ENABLE_MODULES = YES;
				CLANG_ENABLE_OBJC_ARC = YES;
				CLANG_ENABLE_OBJC_WEAK = YES;
				CLANG_WARN_BLOCK_CAPTURE_AUTORELEASING = YES;
				CLANG_WARN_BOOL_CONVERSION = YES;
				CLANG_WARN_COMMA = YES;
				CLANG_WARN_CONSTANT_CONVERSION = YES;
				CLANG_WARN_DEPRECATED_OBJC_IMPLEMENTATIONS = YES;
				CLANG_WARN_DIRECT_OBJC_ISA_USAGE = YES_ERROR;
				CLANG_WARN_DOCUMENTATION_COMMENTS = YES;
				CLANG_WARN_EMPTY_BODY = YES;
				CLANG_WARN_ENUM_CONVERSION = YES;
				CLANG_WARN_INFINITE_RECURSION = YES;
				CLANG_WARN_INT_CONVERSION = YES;
				CLANG_WARN_NON_LITERAL_NULL_CONVERSION = YES;
				CLANG_WARN_OBJC_IMPLICIT_RETAIN_SELF = YES;
				CLANG_WARN_OBJC_LITERAL_CONVERSION = YES;
				CLANG_WARN_OBJC_ROOT_CLASS = YES_ERROR;
				CLANG_WARN_QUOTED_INCLUDE_IN_FRAMEWORK_HEADER = YES;
				CLANG_WARN_RANGE_LOOP_ANALYSIS = YES;
				CLANG_WARN_STRICT_PROTOTYPES = YES;
				CLANG_WARN_SUSPICIOUS_MOVE = YES;
				CLANG_WARN_UNGUARDED_AVAILABILITY = YES_AGGRESSIVE;
				CLANG_WARN_UNREACHABLE_CODE = YES;
				CLANG_WARN__DUPLICATE_METHOD_MATCH = YES;
				COPY_PHASE_STRIP = NO;
				DEBUG_INFORMATION_FORMAT = dwarf;
				ENABLE_STRICT_OBJC_MSGSEND = YES;
				ENABLE_TESTABILITY = YES;
				GCC_C_LANGUAGE_STANDARD = gnu11;
				GCC_DYNAMIC_NO_PIC = NO;
				GCC_NO_COMMON_BLOCKS = YES;
				GCC_OPTIMIZATION_LEVEL = 0;
				GCC_PREPROCESSOR_DEFINITIONS = (
					"DEBUG=1",
					"$(inherited)",
				);
				GCC_WARN_64_TO_32_BIT_CONVERSION = YES;
				GCC_WARN_ABOUT_RETURN_TYPE = YES_ERROR;
				GCC_WARN_UNDECLARED_SELECTOR = YES;
				GCC_WARN_UNINITIALIZED_AUTOS = YES_AGGRESSIVE;
				GCC_WARN_UNUSED_FUNCTION = YES;
				GCC_WARN_UNUSED_VARIABLE = YES;
				IPHONEOS_DEPLOYMENT_TARGET = 16.1;
				MTL_ENABLE_DEBUG_INFO = INCLUDE_SOURCE;
				MTL_FAST_MATH = YES;
				ONLY_ACTIVE_ARCH = YES;
				SDKROOT = iphoneos;
				SWIFT_ACTIVE_COMPILATION_CONDITIONS = DEBUG;
				SWIFT_OPTIMIZATION_LEVEL = "-Onone";
			};
			name = Debug;
		};
		DB3F2C30295A93070014217D /* Release */ = {
			isa = XCBuildConfiguration;
			buildSettings = {
				ALWAYS_SEARCH_USER_PATHS = NO;
				CLANG_ANALYZER_NONNULL = YES;
				CLANG_ANALYZER_NUMBER_OBJECT_CONVERSION = YES_AGGRESSIVE;
				CLANG_CXX_LANGUAGE_STANDARD = "gnu++20";
				CLANG_ENABLE_MODULES = YES;
				CLANG_ENABLE_OBJC_ARC = YES;
				CLANG_ENABLE_OBJC_WEAK = YES;
				CLANG_WARN_BLOCK_CAPTURE_AUTORELEASING = YES;
				CLANG_WARN_BOOL_CONVERSION = YES;
				CLANG_WARN_COMMA = YES;
				CLANG_WARN_CONSTANT_CONVERSION = YES;
				CLANG_WARN_DEPRECATED_OBJC_IMPLEMENTATIONS = YES;
				CLANG_WARN_DIRECT_OBJC_ISA_USAGE = YES_ERROR;
				CLANG_WARN_DOCUMENTATION_COMMENTS = YES;
				CLANG_WARN_EMPTY_BODY = YES;
				CLANG_WARN_ENUM_CONVERSION = YES;
				CLANG_WARN_INFINITE_RECURSION = YES;
				CLANG_WARN_INT_CONVERSION = YES;
				CLANG_WARN_NON_LITERAL_NULL_CONVERSION = YES;
				CLANG_WARN_OBJC_IMPLICIT_RETAIN_SELF = YES;
				CLANG_WARN_OBJC_LITERAL_CONVERSION = YES;
				CLANG_WARN_OBJC_ROOT_CLASS = YES_ERROR;
				CLANG_WARN_QUOTED_INCLUDE_IN_FRAMEWORK_HEADER = YES;
				CLANG_WARN_RANGE_LOOP_ANALYSIS = YES;
				CLANG_WARN_STRICT_PROTOTYPES = YES;
				CLANG_WARN_SUSPICIOUS_MOVE = YES;
				CLANG_WARN_UNGUARDED_AVAILABILITY = YES_AGGRESSIVE;
				CLANG_WARN_UNREACHABLE_CODE = YES;
				CLANG_WARN__DUPLICATE_METHOD_MATCH = YES;
				COPY_PHASE_STRIP = NO;
				DEBUG_INFORMATION_FORMAT = "dwarf-with-dsym";
				ENABLE_NS_ASSERTIONS = NO;
				ENABLE_STRICT_OBJC_MSGSEND = YES;
				GCC_C_LANGUAGE_STANDARD = gnu11;
				GCC_NO_COMMON_BLOCKS = YES;
				GCC_WARN_64_TO_32_BIT_CONVERSION = YES;
				GCC_WARN_ABOUT_RETURN_TYPE = YES_ERROR;
				GCC_WARN_UNDECLARED_SELECTOR = YES;
				GCC_WARN_UNINITIALIZED_AUTOS = YES_AGGRESSIVE;
				GCC_WARN_UNUSED_FUNCTION = YES;
				GCC_WARN_UNUSED_VARIABLE = YES;
				IPHONEOS_DEPLOYMENT_TARGET = 16.1;
				MTL_ENABLE_DEBUG_INFO = NO;
				MTL_FAST_MATH = YES;
				SDKROOT = iphoneos;
				SWIFT_COMPILATION_MODE = wholemodule;
				SWIFT_OPTIMIZATION_LEVEL = "-O";
				VALIDATE_PRODUCT = YES;
			};
			name = Release;
		};
		DB3F2C32295A93070014217D /* Debug */ = {
			isa = XCBuildConfiguration;
			buildSettings = {
				ASSETCATALOG_COMPILER_APPICON_NAME = AppIcon;
				ASSETCATALOG_COMPILER_GLOBAL_ACCENT_COLOR_NAME = AccentColor;
				CODE_SIGN_STYLE = Automatic;
				CURRENT_PROJECT_VERSION = 1;
				DEVELOPMENT_ASSET_PATHS = "\"YNL/Preview Content\"";
				ENABLE_PREVIEWS = YES;
				GENERATE_INFOPLIST_FILE = YES;
				INFOPLIST_KEY_UIApplicationSceneManifest_Generation = YES;
				INFOPLIST_KEY_UIApplicationSupportsIndirectInputEvents = YES;
				INFOPLIST_KEY_UILaunchScreen_Generation = YES;
				INFOPLIST_KEY_UISupportedInterfaceOrientations_iPad = "UIInterfaceOrientationPortrait UIInterfaceOrientationPortraitUpsideDown UIInterfaceOrientationLandscapeLeft UIInterfaceOrientationLandscapeRight";
				INFOPLIST_KEY_UISupportedInterfaceOrientations_iPhone = "UIInterfaceOrientationPortrait UIInterfaceOrientationLandscapeLeft UIInterfaceOrientationLandscapeRight";
				LD_RUNPATH_SEARCH_PATHS = (
					"$(inherited)",
					"@executable_path/Frameworks",
				);
				MARKETING_VERSION = 1.0;
				PRODUCT_BUNDLE_IDENTIFIER = whohoo.YNL;
				PRODUCT_NAME = "$(TARGET_NAME)";
				SWIFT_EMIT_LOC_STRINGS = YES;
				SWIFT_VERSION = 5.0;
				TARGETED_DEVICE_FAMILY = "1,2";
			};
			name = Debug;
		};
		DB3F2C33295A93070014217D /* Release */ = {
			isa = XCBuildConfiguration;
			buildSettings = {
				ASSETCATALOG_COMPILER_APPICON_NAME = AppIcon;
				ASSETCATALOG_COMPILER_GLOBAL_ACCENT_COLOR_NAME = AccentColor;
				CODE_SIGN_STYLE = Automatic;
				CURRENT_PROJECT_VERSION = 1;
				DEVELOPMENT_ASSET_PATHS = "\"YNL/Preview Content\"";
				ENABLE_PREVIEWS = YES;
				GENERATE_INFOPLIST_FILE = YES;
				INFOPLIST_KEY_UIApplicationSceneManifest_Generation = YES;
				INFOPLIST_KEY_UIApplicationSupportsIndirectInputEvents = YES;
				INFOPLIST_KEY_UILaunchScreen_Generation = YES;
				INFOPLIST_KEY_UISupportedInterfaceOrientations_iPad = "UIInterfaceOrientationPortrait UIInterfaceOrientationPortraitUpsideDown UIInterfaceOrientationLandscapeLeft UIInterfaceOrientationLandscapeRight";
				INFOPLIST_KEY_UISupportedInterfaceOrientations_iPhone = "UIInterfaceOrientationPortrait UIInterfaceOrientationLandscapeLeft UIInterfaceOrientationLandscapeRight";
				LD_RUNPATH_SEARCH_PATHS = (
					"$(inherited)",
					"@executable_path/Frameworks",
				);
				MARKETING_VERSION = 1.0;
				PRODUCT_BUNDLE_IDENTIFIER = whohoo.YNL;
				PRODUCT_NAME = "$(TARGET_NAME)";
				SWIFT_EMIT_LOC_STRINGS = YES;
				SWIFT_VERSION = 5.0;
				TARGETED_DEVICE_FAMILY = "1,2";
			};
			name = Release;
		};
		DB3F2C35295A93070014217D /* Debug */ = {
			isa = XCBuildConfiguration;
			buildSettings = {
				ALWAYS_EMBED_SWIFT_STANDARD_LIBRARIES = YES;
				BUNDLE_LOADER = "$(TEST_HOST)";
				CODE_SIGN_STYLE = Automatic;
				CURRENT_PROJECT_VERSION = 1;
				GENERATE_INFOPLIST_FILE = YES;
				IPHONEOS_DEPLOYMENT_TARGET = 16.1;
				MARKETING_VERSION = 1.0;
				PRODUCT_BUNDLE_IDENTIFIER = whohoo.YNLTests;
				PRODUCT_NAME = "$(TARGET_NAME)";
				SWIFT_EMIT_LOC_STRINGS = NO;
				SWIFT_VERSION = 5.0;
				TARGETED_DEVICE_FAMILY = "1,2";
				TEST_HOST = "$(BUILT_PRODUCTS_DIR)/YNL.app/$(BUNDLE_EXECUTABLE_FOLDER_PATH)/YNL";
			};
			name = Debug;
		};
		DB3F2C36295A93070014217D /* Release */ = {
			isa = XCBuildConfiguration;
			buildSettings = {
				ALWAYS_EMBED_SWIFT_STANDARD_LIBRARIES = YES;
				BUNDLE_LOADER = "$(TEST_HOST)";
				CODE_SIGN_STYLE = Automatic;
				CURRENT_PROJECT_VERSION = 1;
				GENERATE_INFOPLIST_FILE = YES;
				IPHONEOS_DEPLOYMENT_TARGET = 16.1;
				MARKETING_VERSION = 1.0;
				PRODUCT_BUNDLE_IDENTIFIER = whohoo.YNLTests;
				PRODUCT_NAME = "$(TARGET_NAME)";
				SWIFT_EMIT_LOC_STRINGS = NO;
				SWIFT_VERSION = 5.0;
				TARGETED_DEVICE_FAMILY = "1,2";
				TEST_HOST = "$(BUILT_PRODUCTS_DIR)/YNL.app/$(BUNDLE_EXECUTABLE_FOLDER_PATH)/YNL";
			};
			name = Release;
		};
		DB3F2C38295A93070014217D /* Debug */ = {
			isa = XCBuildConfiguration;
			buildSettings = {
				ALWAYS_EMBED_SWIFT_STANDARD_LIBRARIES = YES;
				CODE_SIGN_STYLE = Automatic;
				CURRENT_PROJECT_VERSION = 1;
				GENERATE_INFOPLIST_FILE = YES;
				MARKETING_VERSION = 1.0;
				PRODUCT_BUNDLE_IDENTIFIER = whohoo.YNLUITests;
				PRODUCT_NAME = "$(TARGET_NAME)";
				SWIFT_EMIT_LOC_STRINGS = NO;
				SWIFT_VERSION = 5.0;
				TARGETED_DEVICE_FAMILY = "1,2";
				TEST_TARGET_NAME = YNL;
			};
			name = Debug;
		};
		DB3F2C39295A93070014217D /* Release */ = {
			isa = XCBuildConfiguration;
			buildSettings = {
				ALWAYS_EMBED_SWIFT_STANDARD_LIBRARIES = YES;
				CODE_SIGN_STYLE = Automatic;
				CURRENT_PROJECT_VERSION = 1;
				GENERATE_INFOPLIST_FILE = YES;
				MARKETING_VERSION = 1.0;
				PRODUCT_BUNDLE_IDENTIFIER = whohoo.YNLUITests;
				PRODUCT_NAME = "$(TARGET_NAME)";
				SWIFT_EMIT_LOC_STRINGS = NO;
				SWIFT_VERSION = 5.0;
				TARGETED_DEVICE_FAMILY = "1,2";
				TEST_TARGET_NAME = YNL;
			};
			name = Release;
		};
/* End XCBuildConfiguration section */

/* Begin XCConfigurationList section */
		DB3F2C03295A93060014217D /* Build configuration list for PBXProject "YNL" */ = {
			isa = XCConfigurationList;
			buildConfigurations = (
				DB3F2C2F295A93070014217D /* Debug */,
				DB3F2C30295A93070014217D /* Release */,
			);
			defaultConfigurationIsVisible = 0;
			defaultConfigurationName = Release;
		};
		DB3F2C31295A93070014217D /* Build configuration list for PBXNativeTarget "YNL" */ = {
			isa = XCConfigurationList;
			buildConfigurations = (
				DB3F2C32295A93070014217D /* Debug */,
				DB3F2C33295A93070014217D /* Release */,
			);
			defaultConfigurationIsVisible = 0;
			defaultConfigurationName = Release;
		};
		DB3F2C34295A93070014217D /* Build configuration list for PBXNativeTarget "YNLTests" */ = {
			isa = XCConfigurationList;
			buildConfigurations = (
				DB3F2C35295A93070014217D /* Debug */,
				DB3F2C36295A93070014217D /* Release */,
			);
			defaultConfigurationIsVisible = 0;
			defaultConfigurationName = Release;
		};
		DB3F2C37295A93070014217D /* Build configuration list for PBXNativeTarget "YNLUITests" */ = {
			isa = XCConfigurationList;
			buildConfigurations = (
				DB3F2C38295A93070014217D /* Debug */,
				DB3F2C39295A93070014217D /* Release */,
			);
			defaultConfigurationIsVisible = 0;
			defaultConfigurationName = Release;
		};
/* End XCConfigurationList section */

/* Begin XCVersionGroup section */
		DB3F2C16295A93070014217D /* YNL.xcdatamodeld */ = {
			isa = XCVersionGroup;
			children = (
				DB3F2C17295A93070014217D /* YNL.xcdatamodel */,
			);
			currentVersion = DB3F2C17295A93070014217D /* YNL.xcdatamodel */;
			path = YNL.xcdatamodeld;
			sourceTree = "<group>";
			versionGroupType = wrapper.xcdatamodel;
		};
/* End XCVersionGroup section */
	};
	rootObject = DB3F2C00295A93060014217D /* Project object */;
}
